
Microsoft Visual Studio Solution File, Format Version 12.00
# Visual Studio Version 17
VisualStudioVersion = 17.8.34330.188
MinimumVisualStudioVersion = 10.0.40219.1
Project("{9A19103F-16F7-4668-BE54-9A1E7A4F7556}") = "rget", "rget\rget.csproj", "{7E49A5FD-5B7F-4B50-BC9F-DCA42BC65805}"
EndProject
Global
	GlobalSection(SolutionConfigurationPlatforms) = preSolution
		Debug|Any CPU = Debug|Any CPU
		Release|Any CPU = Release|Any CPU
	EndGlobalSection
	GlobalSection(ProjectConfigurationPlatforms) = postSolution
		{7E49A5FD-5B7F-4B50-BC9F-DCA42BC65805}.Debug|Any CPU.ActiveCfg = Debug|Any CPU
		{7E49A5FD-5B7F-4B50-BC9F-DCA42BC65805}.Debug|Any CPU.Build.0 = Debug|Any CPU
		{7E49A5FD-5B7F-4B50-BC9F-DCA42BC65805}.Release|Any CPU.ActiveCfg = Release|Any CPU
		{7E49A5FD-5B7F-4B50-BC9F-DCA42BC65805}.Release|Any CPU.Build.0 = Release|Any CPU
	EndGlobalSection
	GlobalSection(SolutionProperties) = preSolution
		HideSolutionNode = FALSE
	EndGlobalSection
	GlobalSection(ExtensibilityGlobals) = postSolution
		SolutionGuid = {053EA327-97BE-4505-9DAB-D966E2BCE311}
	EndGlobalSection
EndGlobal
